
Microsoft Visual Studio Solution File, Format Version 12.00
# Visual Studio Version 17
VisualStudioVersion = 17.1.32210.238
MinimumVisualStudioVersion = 10.0.40219.1
Project("{FAE04EC0-301F-11D3-BF4B-00C04F79EFBC}") = "MusicStoreCollection", "MusicStoreCollection\MusicStoreCollection.csproj", "{1F7D6ED0-A1A6-4FD1-B6DD-FA072DBC8299}"
EndProject
Global
	GlobalSection(SolutionConfigurationPlatforms) = preSolution
		Debug|Any CPU = Debug|Any CPU
		Release|Any CPU = Release|Any CPU
	EndGlobalSection
	GlobalSection(ProjectConfigurationPlatforms) = postSolution
		{1F7D6ED0-A1A6-4FD1-B6DD-FA072DBC8299}.Debug|Any CPU.ActiveCfg = Debug|Any CPU
		{1F7D6ED0-A1A6-4FD1-B6DD-FA072DBC8299}.Debug|Any CPU.Build.0 = Debug|Any CPU
		{1F7D6ED0-A1A6-4FD1-B6DD-FA072DBC8299}.Release|Any CPU.ActiveCfg = Release|Any CPU
		{1F7D6ED0-A1A6-4FD1-B6DD-FA072DBC8299}.Release|Any CPU.Build.0 = Release|Any CPU
	EndGlobalSection
	GlobalSection(SolutionProperties) = preSolution
		HideSolutionNode = FALSE
	EndGlobalSection
	GlobalSection(ExtensibilityGlobals) = postSolution
		SolutionGuid = {5B3BE3CE-3EBC-421B-B1E4-623448245D31}
	EndGlobalSection
EndGlobal
